// !$*UTF8*$!
{
	archiveVersion = 1;
	classes = {
	};
	objectVersion = 90;
	objects = {

/* Begin PBXBuildFile section */
		B00812912F32EB5D00093766 /* AppViewModel.swift in Sources */ = {isa = PBXBuildFile; fileRef = B00812852F32EB5D00093766 /* AppViewModel.swift */; };
		B00812922F32EB5D00093766 /* Components.swift in Sources */ = {isa = PBXBuildFile; fileRef = B00812872F32EB5D00093766 /* Components.swift */; };
		B00812932F32EB5D00093766 /* ContentView.swift in Sources */ = {isa = PBXBuildFile; fileRef = B00812882F32EB5D00093766 /* ContentView.swift */; };
		B00812942F32EB5D00093766 /* PostCodeApp.swift in Sources */ = {isa = PBXBuildFile; fileRef = B008128B2F32EB5D00093766 /* PostCodeApp.swift */; };
		B00812952F32EB5D00093766 /* TimecodeLogic.swift in Sources */ = {isa = PBXBuildFile; fileRef = B008128C2F32EB5D00093766 /* TimecodeLogic.swift */; };
		B00812962F32EB5D00093766 /* WelcomeView.swift in Sources */ = {isa = PBXBuildFile; fileRef = B008128D2F32EB5D00093766 /* WelcomeView.swift */; };
		B008129A2F32EF7B00093766 /* CalculatorView.swift in Sources */ = {isa = PBXBuildFile; fileRef = B00812992F32EF7800093766 /* CalculatorView.swift */; };
		B008129C2F32EF9200093766 /* RunView.swift in Sources */ = {isa = PBXBuildFile; fileRef = B008129B2F32EF9100093766 /* RunView.swift */; };
		B008129E2F32EFAA00093766 /* ConverterView.swift in Sources */ = {isa = PBXBuildFile; fileRef = B008129D2F32EFA800093766 /* ConverterView.swift */; };
		B00812A02F32F0C900093766 /* KeypadView.swift in Sources */ = {isa = PBXBuildFile; fileRef = B008129F2F32F0C700093766 /* KeypadView.swift */; };
		B00812A22F32F25C00093766 /* AppNavigation.swift in Sources */ = {isa = PBXBuildFile; fileRef = B00812A12F32F25A00093766 /* AppNavigation.swift */; };
/* End PBXBuildFile section */

/* Begin PBXContainerItemProxy section */
		B09FB6842F20ABA600E03A87 /* PBXContainerItemProxy */ = {
			isa = PBXContainerItemProxy;
			containerPortal = B08F446C2F11DFDA00B52D8A /* Project object */;
			proxyType = 1;
			remoteGlobalIDString = B08F44732F11DFDA00B52D8A;
			remoteInfo = PostCode;
		};
/* End PBXContainerItemProxy section */

/* Begin PBXCopyFilesBuildPhase section */
		B09FB6622F207B9400E03A87 /* Embed Frameworks */ = {
			isa = PBXCopyFilesBuildPhase;
			dstPath = "";
			dstSubfolder = Frameworks;
			files = (
			);
			name = "Embed Frameworks";
		};
/* End PBXCopyFilesBuildPhase section */

/* Begin PBXFileReference section */
		B00812852F32EB5D00093766 /* AppViewModel.swift */ = {isa = PBXFileReference; lastKnownFileType = sourcecode.swift; path = AppViewModel.swift; sourceTree = "<group>"; };
		B00812872F32EB5D00093766 /* Components.swift */ = {isa = PBXFileReference; lastKnownFileType = sourcecode.swift; path = Components.swift; sourceTree = "<group>"; };
		B00812882F32EB5D00093766 /* ContentView.swift */ = {isa = PBXFileReference; lastKnownFileType = sourcecode.swift; path = ContentView.swift; sourceTree = "<group>"; };
		B008128B2F32EB5D00093766 /* PostCodeApp.swift */ = {isa = PBXFileReference; lastKnownFileType = sourcecode.swift; path = PostCodeApp.swift; sourceTree = "<group>"; };
		B008128C2F32EB5D00093766 /* TimecodeLogic.swift */ = {isa = PBXFileReference; lastKnownFileType = sourcecode.swift; path = TimecodeLogic.swift; sourceTree = "<group>"; };
		B008128D2F32EB5D00093766 /* WelcomeView.swift */ = {isa = PBXFileReference; lastKnownFileType = sourcecode.swift; path = WelcomeView.swift; sourceTree = "<group>"; };
		B00812992F32EF7800093766 /* CalculatorView.swift */ = {isa = PBXFileReference; lastKnownFileType = sourcecode.swift; path = CalculatorView.swift; sourceTree = "<group>"; };
		B008129B2F32EF9100093766 /* RunView.swift */ = {isa = PBXFileReference; lastKnownFileType = sourcecode.swift; path = RunView.swift; sourceTree = "<group>"; };
		B008129D2F32EFA800093766 /* ConverterView.swift */ = {isa = PBXFileReference; lastKnownFileType = sourcecode.swift; path = ConverterView.swift; sourceTree = "<group>"; };
		B008129F2F32F0C700093766 /* KeypadView.swift */ = {isa = PBXFileReference; lastKnownFileType = sourcecode.swift; path = KeypadView.swift; sourceTree = "<group>"; };
		B00812A12F32F25A00093766 /* AppNavigation.swift */ = {isa = PBXFileReference; lastKnownFileType = sourcecode.swift; path = AppNavigation.swift; sourceTree = "<group>"; };
		B08F44742F11DFDA00B52D8A /* PostCode.app */ = {isa = PBXFileReference; explicitFileType = wrapper.application; includeInIndex = 0; path = PostCode.app; sourceTree = BUILT_PRODUCTS_DIR; };
		B09FB6802F20ABA600E03A87 /* PostCodeTests.xctest */ = {isa = PBXFileReference; explicitFileType = wrapper.cfbundle; includeInIndex = 0; path = PostCodeTests.xctest; sourceTree = BUILT_PRODUCTS_DIR; };
/* End PBXFileReference section */

/* Begin PBXFileSystemSynchronizedBuildFileExceptionSet section */
		B00812A62F33248100093766 /* Exceptions for "PostCodeResources" folder in "PostCode" target */ = {
			isa = PBXFileSystemSynchronizedBuildFileExceptionSet;
			membershipExceptions = (
				Info.plist,
			);
			target = B08F44732F11DFDA00B52D8A /* PostCode */;
		};
/* End PBXFileSystemSynchronizedBuildFileExceptionSet section */

/* Begin PBXFileSystemSynchronizedRootGroup section */
		B08F44762F11DFDA00B52D8A /* PostCodeResources */ = {
			isa = PBXFileSystemSynchronizedRootGroup;
			exceptions = (
				B00812A62F33248100093766 /* Exceptions for "PostCodeResources" folder in "PostCode" target */,
			);
			path = PostCodeResources;
			sourceTree = "<group>";
		};
		B09FB6812F20ABA600E03A87 /* PostCodeTests */ = {
			isa = PBXFileSystemSynchronizedRootGroup;
			path = PostCodeTests;
			sourceTree = "<group>";
		};
/* End PBXFileSystemSynchronizedRootGroup section */

/* Begin PBXFrameworksBuildPhase section */
		B08F44712F11DFDA00B52D8A /* Frameworks */ = {
			isa = PBXFrameworksBuildPhase;
			files = (
			);
		};
		B09FB67D2F20ABA600E03A87 /* Frameworks */ = {
			isa = PBXFrameworksBuildPhase;
			files = (
			);
		};
/* End PBXFrameworksBuildPhase section */

/* Begin PBXGroup section */
		B08F446B2F11DFDA00B52D8A = {
			isa = PBXGroup;
			children = (
				B00812A12F32F25A00093766 /* AppNavigation.swift */,
				B00812872F32EB5D00093766 /* Components.swift */,
				B008129F2F32F0C700093766 /* KeypadView.swift */,
				B008128D2F32EB5D00093766 /* WelcomeView.swift */,
				B00812992F32EF7800093766 /* CalculatorView.swift */,
				B008129D2F32EFA800093766 /* ConverterView.swift */,
				B008129B2F32EF9100093766 /* RunView.swift */,
				B00812852F32EB5D00093766 /* AppViewModel.swift */,
				B008128B2F32EB5D00093766 /* PostCodeApp.swift */,
				B008128C2F32EB5D00093766 /* TimecodeLogic.swift */,
				B00812882F32EB5D00093766 /* ContentView.swift */,
				B08F44762F11DFDA00B52D8A /* PostCodeResources */,
				B09FB6812F20ABA600E03A87 /* PostCodeTests */,
				B08F44752F11DFDA00B52D8A /* Products */,
			);
			sourceTree = "<group>";
		};
		B08F44752F11DFDA00B52D8A /* Products */ = {
			isa = PBXGroup;
			children = (
				B08F44742F11DFDA00B52D8A /* PostCode.app */,
				B09FB6802F20ABA600E03A87 /* PostCodeTests.xctest */,
			);
			name = Products;
			sourceTree = "<group>";
		};
/* End PBXGroup section */

/* Begin PBXNativeTarget section */
		B08F44732F11DFDA00B52D8A /* PostCode */ = {
			isa = PBXNativeTarget;
			buildConfigurationList = B08F44952F11DFDB00B52D8A /* Build configuration list for PBXNativeTarget "PostCode" */;
			buildPhases = (
				B08F44702F11DFDA00B52D8A /* Sources */,
				B08F44712F11DFDA00B52D8A /* Frameworks */,
				B08F44722F11DFDA00B52D8A /* Resources */,
				B09FB6622F207B9400E03A87 /* Embed Frameworks */,
			);
			buildRules = (
			);
			fileSystemSynchronizedGroups = (
				B08F44762F11DFDA00B52D8A /* PostCodeResources */,
			);
			name = PostCode;
			productName = PostCode;
			productReference = B08F44742F11DFDA00B52D8A /* PostCode.app */;
			productType = "com.apple.product-type.application";
		};
		B09FB67F2F20ABA600E03A87 /* PostCodeTests */ = {
			isa = PBXNativeTarget;
			buildConfigurationList = B09FB6862F20ABA600E03A87 /* Build configuration list for PBXNativeTarget "PostCodeTests" */;
			buildPhases = (
				B09FB67C2F20ABA600E03A87 /* Sources */,
				B09FB67D2F20ABA600E03A87 /* Frameworks */,
				B09FB67E2F20ABA600E03A87 /* Resources */,
			);
			buildRules = (
			);
			dependencies = (
				B09FB6852F20ABA600E03A87 /* PBXTargetDependency */,
			);
			fileSystemSynchronizedGroups = (
				B09FB6812F20ABA600E03A87 /* PostCodeTests */,
			);
			name = PostCodeTests;
			productName = PostCodeTests;
			productReference = B09FB6802F20ABA600E03A87 /* PostCodeTests.xctest */;
			productType = "com.apple.product-type.bundle.unit-test";
		};
/* End PBXNativeTarget section */

/* Begin PBXProject section */
		B08F446C2F11DFDA00B52D8A /* Project object */ = {
			isa = PBXProject;
			attributes = {
				BuildIndependentTargetsInParallel = 1;
				LastSwiftUpdateCheck = 2620;
				LastUpgradeCheck = 2620;
				TargetAttributes = {
					B08F44732F11DFDA00B52D8A = {
						CreatedOnToolsVersion = 26.2;
					};
					B09FB67F2F20ABA600E03A87 = {
						CreatedOnToolsVersion = 26.2;
						TestTargetID = B08F44732F11DFDA00B52D8A;
					};
				};
			};
			buildConfigurationList = B08F446F2F11DFDA00B52D8A /* Build configuration list for PBXProject "PostCode" */;
			developmentRegion = en;
			hasScannedForEncodings = 0;
			knownRegions = (
				en,
				Base,
			);
			mainGroup = B08F446B2F11DFDA00B52D8A;
			minimizedProjectReferenceProxies = 1;
			preferredProjectObjectVersion = 90;
			productRefGroup = B08F44752F11DFDA00B52D8A /* Products */;
			projectDirPath = "";
			projectRoot = "";
			targets = (
				B08F44732F11DFDA00B52D8A /* PostCode */,
				B09FB67F2F20ABA600E03A87 /* PostCodeTests */,
			);
		};
/* End PBXProject section */

/* Begin PBXResourcesBuildPhase section */
		B08F44722F11DFDA00B52D8A /* Resources */ = {
			isa = PBXResourcesBuildPhase;
			files = (
			);
		};
		B09FB67E2F20ABA600E03A87 /* Resources */ = {
			isa = PBXResourcesBuildPhase;
			files = (
			);
		};
/* End PBXResourcesBuildPhase section */

/* Begin PBXSourcesBuildPhase section */
		B08F44702F11DFDA00B52D8A /* Sources */ = {
			isa = PBXSourcesBuildPhase;
			files = (
				B00812A22F32F25C00093766 /* AppNavigation.swift in Sources */,
				B008129E2F32EFAA00093766 /* ConverterView.swift in Sources */,
				B008129C2F32EF9200093766 /* RunView.swift in Sources */,
				B00812912F32EB5D00093766 /* AppViewModel.swift in Sources */,
				B008129A2F32EF7B00093766 /* CalculatorView.swift in Sources */,
				B00812922F32EB5D00093766 /* Components.swift in Sources */,
				B00812932F32EB5D00093766 /* ContentView.swift in Sources */,
				B00812A02F32F0C900093766 /* KeypadView.swift in Sources */,
				B00812942F32EB5D00093766 /* PostCodeApp.swift in Sources */,
				B00812952F32EB5D00093766 /* TimecodeLogic.swift in Sources */,
				B00812962F32EB5D00093766 /* WelcomeView.swift in Sources */,
			);
		};
		B09FB67C2F20ABA600E03A87 /* Sources */ = {
			isa = PBXSourcesBuildPhase;
			files = (
			);
		};
/* End PBXSourcesBuildPhase section */

/* Begin PBXTargetDependency section */
		B09FB6852F20ABA600E03A87 /* PBXTargetDependency */ = {
			isa = PBXTargetDependency;
			target = B08F44732F11DFDA00B52D8A /* PostCode */;
			targetProxy = B09FB6842F20ABA600E03A87 /* PBXContainerItemProxy */;
		};
/* End PBXTargetDependency section */

/* Begin XCBuildConfiguration section */
		B08F44932F11DFDB00B52D8A /* Debug configuration for PBXProject "PostCode" */ = {
			isa = XCBuildConfiguration;
			buildSettings = {
				ASSETCATALOG_COMPILER_GLOBAL_ACCENT_COLOR_NAME = "";
				DEVELOPMENT_TEAM = RV65KD7NWB;
				ENABLE_TESTABILITY = YES;
				IPHONEOS_DEPLOYMENT_TARGET = 18.6;
				MACOSX_DEPLOYMENT_TARGET = 15.6;
				SDKROOT = iphoneos;
				SWIFT_VERSION = 6.0;
			};
			name = Debug;
		};
		B08F44942F11DFDB00B52D8A /* Release configuration for PBXProject "PostCode" */ = {
			isa = XCBuildConfiguration;
			buildSettings = {
				ASSETCATALOG_COMPILER_GLOBAL_ACCENT_COLOR_NAME = "";
				DEVELOPMENT_TEAM = RV65KD7NWB;
				ENABLE_TESTABILITY = YES;
				IPHONEOS_DEPLOYMENT_TARGET = 18.6;
				MACOSX_DEPLOYMENT_TARGET = 15.6;
				SDKROOT = iphoneos;
				SWIFT_VERSION = 6.0;
			};
			name = Release;
		};
		B08F44962F11DFDB00B52D8A /* Debug configuration for PBXNativeTarget "PostCode" */ = {
			isa = XCBuildConfiguration;
			buildSettings = {
				ALWAYS_SEARCH_USER_PATHS = NO;
				ASSETCATALOG_COMPILER_APPICON_NAME = AppIcon;
				ASSETCATALOG_COMPILER_GLOBAL_ACCENT_COLOR_NAME = AccentColor;
				ASSETCATALOG_COMPILER_INCLUDE_ALL_APPICON_ASSETS = NO;
				CODE_SIGN_IDENTITY = "Apple Development";
				CODE_SIGN_STYLE = Automatic;
				CURRENT_PROJECT_VERSION = 3;
				DEVELOPMENT_TEAM = RV65KD7NWB;
				ENABLE_PREVIEWS = YES;
				GENERATE_INFOPLIST_FILE = YES;
				INFOPLIST_FILE = /Users/martymclean/Desktop/PostCode/PostCodeResources/Info.plist;
				INFOPLIST_KEY_LSApplicationCategoryType = "public.app-category.utilities";
				INFOPLIST_KEY_UIApplicationSceneManifest_Generation = YES;
				INFOPLIST_KEY_UIApplicationSupportsIndirectInputEvents = YES;
				INFOPLIST_KEY_UILaunchScreen_Generation = YES;
				INFOPLIST_KEY_UILaunchStoryboardName = LaunchScreen.storyboard;
				INFOPLIST_KEY_UIRequiresFullScreen = YES;
				INFOPLIST_KEY_UIStatusBarStyle = "";
				INFOPLIST_KEY_UISupportedInterfaceOrientations = UIInterfaceOrientationPortrait;
				INFOPLIST_KEY_UISupportedInterfaceOrientations_iPad = "UIInterfaceOrientationLandscapeLeft UIInterfaceOrientationLandscapeRight";
				IPHONEOS_DEPLOYMENT_TARGET = 18.6;
				LD_RUNPATH_SEARCH_PATHS = (
					"$(inherited)",
					"@executable_path/Frameworks",
				);
				MARKETING_VERSION = 1.2;
				PRODUCT_BUNDLE_IDENTIFIER = com.McLean.PostCode;
				PRODUCT_NAME = "$(TARGET_NAME)";
				PROVISIONING_PROFILE_SPECIFIER = "";
				STRING_CATALOG_GENERATE_SYMBOLS = YES;
				SUPPORTS_MACCATALYST = NO;
				SUPPORTS_MAC_DESIGNED_FOR_IPHONE_IPAD = YES;
				SUPPORTS_XR_DESIGNED_FOR_IPHONE_IPAD = NO;
				SWIFT_APPROACHABLE_CONCURRENCY = YES;
				SWIFT_DEFAULT_ACTOR_ISOLATION = MainActor;
				SWIFT_EMIT_LOC_STRINGS = YES;
				SWIFT_OPTIMIZATION_LEVEL = "-Onone";
				SWIFT_UPCOMING_FEATURE_MEMBER_IMPORT_VISIBILITY = YES;
				SWIFT_VERSION = 5.0;
				TARGETED_DEVICE_FAMILY = "1,2";
			};
			name = Debug;
		};
		B08F44972F11DFDB00B52D8A /* Release configuration for PBXNativeTarget "PostCode" */ = {
			isa = XCBuildConfiguration;
			buildSettings = {
				ALWAYS_SEARCH_USER_PATHS = NO;
				ASSETCATALOG_COMPILER_APPICON_NAME = AppIcon;
				ASSETCATALOG_COMPILER_GLOBAL_ACCENT_COLOR_NAME = AccentColor;
				ASSETCATALOG_COMPILER_INCLUDE_ALL_APPICON_ASSETS = NO;
				CODE_SIGN_IDENTITY = "Apple Development";
				CODE_SIGN_STYLE = Automatic;
				CURRENT_PROJECT_VERSION = 3;
				DEVELOPMENT_TEAM = RV65KD7NWB;
				ENABLE_PREVIEWS = YES;
				GENERATE_INFOPLIST_FILE = YES;
				INFOPLIST_FILE = /Users/martymclean/Desktop/PostCode/PostCodeResources/Info.plist;
				INFOPLIST_KEY_LSApplicationCategoryType = "public.app-category.utilities";
				INFOPLIST_KEY_UIApplicationSceneManifest_Generation = YES;
				INFOPLIST_KEY_UIApplicationSupportsIndirectInputEvents = YES;
				INFOPLIST_KEY_UILaunchScreen_Generation = YES;
				INFOPLIST_KEY_UILaunchStoryboardName = LaunchScreen.storyboard;
				INFOPLIST_KEY_UIRequiresFullScreen = YES;
				INFOPLIST_KEY_UIStatusBarStyle = "";
				INFOPLIST_KEY_UISupportedInterfaceOrientations = UIInterfaceOrientationPortrait;
				INFOPLIST_KEY_UISupportedInterfaceOrientations_iPad = "UIInterfaceOrientationLandscapeLeft UIInterfaceOrientationLandscapeRight";
				IPHONEOS_DEPLOYMENT_TARGET = 18.6;
				LD_RUNPATH_SEARCH_PATHS = (
					"$(inherited)",
					"@executable_path/Frameworks",
				);
				MARKETING_VERSION = 1.2;
				PRODUCT_BUNDLE_IDENTIFIER = com.McLean.PostCode;
				PRODUCT_NAME = "$(TARGET_NAME)";
				PROVISIONING_PROFILE_SPECIFIER = "";
				STRING_CATALOG_GENERATE_SYMBOLS = YES;
				SUPPORTS_MACCATALYST = NO;
				SUPPORTS_MAC_DESIGNED_FOR_IPHONE_IPAD = YES;
				SUPPORTS_XR_DESIGNED_FOR_IPHONE_IPAD = NO;
				SWIFT_APPROACHABLE_CONCURRENCY = YES;
				SWIFT_DEFAULT_ACTOR_ISOLATION = MainActor;
				SWIFT_EMIT_LOC_STRINGS = YES;
				SWIFT_OPTIMIZATION_LEVEL = "-Onone";
				SWIFT_UPCOMING_FEATURE_MEMBER_IMPORT_VISIBILITY = YES;
				SWIFT_VERSION = 5.0;
				TARGETED_DEVICE_FAMILY = "1,2";
			};
			name = Release;
		};
		B09FB6872F20ABA600E03A87 /* Debug configuration for PBXNativeTarget "PostCodeTests" */ = {
			isa = XCBuildConfiguration;
			buildSettings = {
				ALWAYS_SEARCH_USER_PATHS = NO;
				ASSETCATALOG_COMPILER_GENERATE_SWIFT_ASSET_SYMBOL_EXTENSIONS = YES;
				BUNDLE_LOADER = "$(TEST_HOST)";
				CLANG_ANALYZER_NONNULL = YES;
				CLANG_ANALYZER_NUMBER_OBJECT_CONVERSION = YES_AGGRESSIVE;
				CLANG_CXX_LANGUAGE_STANDARD = "gnu++20";
				CLANG_ENABLE_MODULES = YES;
				CLANG_ENABLE_OBJC_ARC = YES;
				CLANG_ENABLE_OBJC_WEAK = YES;
				CLANG_WARN_BLOCK_CAPTURE_AUTORELEASING = YES;
				CLANG_WARN_BOOL_CONVERSION = YES;
				CLANG_WARN_COMMA = YES;
				CLANG_WARN_CONSTANT_CONVERSION = YES;
				CLANG_WARN_DEPRECATED_OBJC_IMPLEMENTATIONS = YES;
				CLANG_WARN_DIRECT_OBJC_ISA_USAGE = YES_ERROR;
				CLANG_WARN_DOCUMENTATION_COMMENTS = YES;
				CLANG_WARN_EMPTY_BODY = YES;
				CLANG_WARN_ENUM_CONVERSION = YES;
				CLANG_WARN_INFINITE_RECURSION = YES;
				CLANG_WARN_INT_CONVERSION = YES;
				CLANG_WARN_NON_LITERAL_NULL_CONVERSION = YES;
				CLANG_WARN_OBJC_IMPLICIT_RETAIN_SELF = YES;
				CLANG_WARN_OBJC_LITERAL_CONVERSION = YES;
				CLANG_WARN_OBJC_ROOT_CLASS = YES_ERROR;
				CLANG_WARN_QUOTED_INCLUDE_IN_FRAMEWORK_HEADER = YES;
				CLANG_WARN_RANGE_LOOP_ANALYSIS = YES;
				CLANG_WARN_STRICT_PROTOTYPES = YES;
				CLANG_WARN_SUSPICIOUS_MOVE = YES;
				CLANG_WARN_UNGUARDED_AVAILABILITY = YES_AGGRESSIVE;
				CLANG_WARN_UNREACHABLE_CODE = YES;
				CLANG_WARN__DUPLICATE_METHOD_MATCH = YES;
				CODE_SIGN_STYLE = Automatic;
				COPY_PHASE_STRIP = NO;
				CURRENT_PROJECT_VERSION = 1;
				DEBUG_INFORMATION_FORMAT = dwarf;
				DEVELOPMENT_TEAM = RV65KD7NWB;
				ENABLE_STRICT_OBJC_MSGSEND = YES;
				ENABLE_USER_SCRIPT_SANDBOXING = YES;
				GCC_C_LANGUAGE_STANDARD = gnu17;
				GCC_DYNAMIC_NO_PIC = NO;
				GCC_NO_COMMON_BLOCKS = YES;
				GCC_OPTIMIZATION_LEVEL = 0;
				GCC_PREPROCESSOR_DEFINITIONS = (
					"DEBUG=1",
					"$(inherited)",
				);
				GCC_WARN_64_TO_32_BIT_CONVERSION = YES;
				GCC_WARN_ABOUT_RETURN_TYPE = YES_ERROR;
				GCC_WARN_UNDECLARED_SELECTOR = YES;
				GCC_WARN_UNINITIALIZED_AUTOS = YES_AGGRESSIVE;
				GCC_WARN_UNUSED_FUNCTION = YES;
				GCC_WARN_UNUSED_VARIABLE = YES;
				GENERATE_INFOPLIST_FILE = YES;
				IPHONEOS_DEPLOYMENT_TARGET = 18.6;
				LOCALIZATION_PREFERS_STRING_CATALOGS = YES;
				MARKETING_VERSION = 1.0;
				MTL_ENABLE_DEBUG_INFO = INCLUDE_SOURCE;
				MTL_FAST_MATH = YES;
				ONLY_ACTIVE_ARCH = YES;
				PRODUCT_BUNDLE_IDENTIFIER = com.McLean.PostCodeTests;
				PRODUCT_NAME = "$(TARGET_NAME)";
				STRING_CATALOG_GENERATE_SYMBOLS = NO;
				SUPPORTED_PLATFORMS = "iphoneos iphonesimulator";
				SUPPORTS_MACCATALYST = NO;
				SUPPORTS_XR_DESIGNED_FOR_IPHONE_IPAD = NO;
				SWIFT_ACTIVE_COMPILATION_CONDITIONS = "DEBUG $(inherited)";
				SWIFT_APPROACHABLE_CONCURRENCY = YES;
				SWIFT_EMIT_LOC_STRINGS = NO;
				SWIFT_OPTIMIZATION_LEVEL = "-Onone";
				SWIFT_UPCOMING_FEATURE_MEMBER_IMPORT_VISIBILITY = YES;
				SWIFT_VERSION = 5.0;
				TARGETED_DEVICE_FAMILY = "1,2";
				TEST_HOST = "$(BUILT_PRODUCTS_DIR)/PostCode.app/$(BUNDLE_EXECUTABLE_FOLDER_PATH)/PostCode";
			};
			name = Debug;
		};
		B09FB6882F20ABA600E03A87 /* Release configuration for PBXNativeTarget "PostCodeTests" */ = {
			isa = XCBuildConfiguration;
			buildSettings = {
				ALWAYS_SEARCH_USER_PATHS = NO;
				ASSETCATALOG_COMPILER_GENERATE_SWIFT_ASSET_SYMBOL_EXTENSIONS = YES;
				BUNDLE_LOADER = "$(TEST_HOST)";
				CLANG_ANALYZER_NONNULL = YES;
				CLANG_ANALYZER_NUMBER_OBJECT_CONVERSION = YES_AGGRESSIVE;
				CLANG_CXX_LANGUAGE_STANDARD = "gnu++20";
				CLANG_ENABLE_MODULES = YES;
				CLANG_ENABLE_OBJC_ARC = YES;
				CLANG_ENABLE_OBJC_WEAK = YES;
				CLANG_WARN_BLOCK_CAPTURE_AUTORELEASING = YES;
				CLANG_WARN_BOOL_CONVERSION = YES;
				CLANG_WARN_COMMA = YES;
				CLANG_WARN_CONSTANT_CONVERSION = YES;
				CLANG_WARN_DEPRECATED_OBJC_IMPLEMENTATIONS = YES;
				CLANG_WARN_DIRECT_OBJC_ISA_USAGE = YES_ERROR;
				CLANG_WARN_DOCUMENTATION_COMMENTS = YES;
				CLANG_WARN_EMPTY_BODY = YES;
				CLANG_WARN_ENUM_CONVERSION = YES;
				CLANG_WARN_INFINITE_RECURSION = YES;
				CLANG_WARN_INT_CONVERSION = YES;
				CLANG_WARN_NON_LITERAL_NULL_CONVERSION = YES;
				CLANG_WARN_OBJC_IMPLICIT_RETAIN_SELF = YES;
				CLANG_WARN_OBJC_LITERAL_CONVERSION = YES;
				CLANG_WARN_OBJC_ROOT_CLASS = YES_ERROR;
				CLANG_WARN_QUOTED_INCLUDE_IN_FRAMEWORK_HEADER = YES;
				CLANG_WARN_RANGE_LOOP_ANALYSIS = YES;
				CLANG_WARN_STRICT_PROTOTYPES = YES;
				CLANG_WARN_SUSPICIOUS_MOVE = YES;
				CLANG_WARN_UNGUARDED_AVAILABILITY = YES_AGGRESSIVE;
				CLANG_WARN_UNREACHABLE_CODE = YES;
				CLANG_WARN__DUPLICATE_METHOD_MATCH = YES;
				CODE_SIGN_STYLE = Automatic;
				COPY_PHASE_STRIP = NO;
				CURRENT_PROJECT_VERSION = 1;
				DEBUG_INFORMATION_FORMAT = "dwarf-with-dsym";
				DEVELOPMENT_TEAM = RV65KD7NWB;
				ENABLE_NS_ASSERTIONS = NO;
				ENABLE_STRICT_OBJC_MSGSEND = YES;
				ENABLE_USER_SCRIPT_SANDBOXING = YES;
				GCC_C_LANGUAGE_STANDARD = gnu17;
				GCC_NO_COMMON_BLOCKS = YES;
				GCC_WARN_64_TO_32_BIT_CONVERSION = YES;
				GCC_WARN_ABOUT_RETURN_TYPE = YES_ERROR;
				GCC_WARN_UNDECLARED_SELECTOR = YES;
				GCC_WARN_UNINITIALIZED_AUTOS = YES_AGGRESSIVE;
				GCC_WARN_UNUSED_FUNCTION = YES;
				GCC_WARN_UNUSED_VARIABLE = YES;
				GENERATE_INFOPLIST_FILE = YES;
				IPHONEOS_DEPLOYMENT_TARGET = 18.6;
				LOCALIZATION_PREFERS_STRING_CATALOGS = YES;
				MARKETING_VERSION = 1.0;
				MTL_ENABLE_DEBUG_INFO = NO;
				MTL_FAST_MATH = YES;
				PRODUCT_BUNDLE_IDENTIFIER = com.McLean.PostCodeTests;
				PRODUCT_NAME = "$(TARGET_NAME)";
				STRING_CATALOG_GENERATE_SYMBOLS = NO;
				SUPPORTED_PLATFORMS = "iphoneos iphonesimulator";
				SUPPORTS_MACCATALYST = NO;
				SUPPORTS_XR_DESIGNED_FOR_IPHONE_IPAD = NO;
				SWIFT_APPROACHABLE_CONCURRENCY = YES;
				SWIFT_COMPILATION_MODE = wholemodule;
				SWIFT_EMIT_LOC_STRINGS = NO;
				SWIFT_UPCOMING_FEATURE_MEMBER_IMPORT_VISIBILITY = YES;
				SWIFT_VERSION = 5.0;
				TARGETED_DEVICE_FAMILY = "1,2";
				TEST_HOST = "$(BUILT_PRODUCTS_DIR)/PostCode.app/$(BUNDLE_EXECUTABLE_FOLDER_PATH)/PostCode";
				VALIDATE_PRODUCT = YES;
			};
			name = Release;
		};
/* End XCBuildConfiguration section */

/* Begin XCConfigurationList section */
		B08F446F2F11DFDA00B52D8A /* Build configuration list for PBXProject "PostCode" */ = {
			isa = XCConfigurationList;
			buildConfigurations = (
				B08F44932F11DFDB00B52D8A /* Debug configuration for PBXProject "PostCode" */,
				B08F44942F11DFDB00B52D8A /* Release configuration for PBXProject "PostCode" */,
			);
			defaultConfigurationName = Release;
		};
		B08F44952F11DFDB00B52D8A /* Build configuration list for PBXNativeTarget "PostCode" */ = {
			isa = XCConfigurationList;
			buildConfigurations = (
				B08F44962F11DFDB00B52D8A /* Debug configuration for PBXNativeTarget "PostCode" */,
				B08F44972F11DFDB00B52D8A /* Release configuration for PBXNativeTarget "PostCode" */,
			);
			defaultConfigurationName = Release;
		};
		B09FB6862F20ABA600E03A87 /* Build configuration list for PBXNativeTarget "PostCodeTests" */ = {
			isa = XCConfigurationList;
			buildConfigurations = (
				B09FB6872F20ABA600E03A87 /* Debug configuration for PBXNativeTarget "PostCodeTests" */,
				B09FB6882F20ABA600E03A87 /* Release configuration for PBXNativeTarget "PostCodeTests" */,
			);
			defaultConfigurationName = Release;
		};
/* End XCConfigurationList section */
	};
	rootObject = B08F446C2F11DFDA00B52D8A /* Project object */;
}
